
Microsoft Visual Studio Solution File, Format Version 12.00
# Visual Studio Version 17
VisualStudioVersion = 17.0.31903.59
MinimumVisualStudioVersion = 10.0.40219.1
Project("{2150E333-8FDC-42A3-9474-1A3956D46DE8}") = "src", "src", "{827E0CD3-B72D-47B6-A68D-7590B98EB39B}"
EndProject
Project("{2150E333-8FDC-42A3-9474-1A3956D46DE8}") = "BuildingBlocks", "BuildingBlocks", "{90298CBA-BD6F-3A0A-69D5-97CAD7B05E7E}"
EndProject
Project("{FAE04EC0-301F-11D3-BF4B-00C04F79EFBC}") = "SharedKernel", "src\BuildingBlocks\SharedKernel\SharedKernel.csproj", "{815A8AE4-2ADD-4EC0-A1E6-5154DE50F366}"
EndProject
Project("{2150E333-8FDC-42A3-9474-1A3956D46DE8}") = "Services", "Services", "{984BB9B3-3FA3-BE33-9484-CAC21695A33C}"
EndProject
Project("{2150E333-8FDC-42A3-9474-1A3956D46DE8}") = "AuthService", "AuthService", "{B0ED8887-1092-5A1A-EC04-2B6B0F6E9C33}"
EndProject
Project("{FAE04EC0-301F-11D3-BF4B-00C04F79EFBC}") = "Auth.API", "src\Services\AuthService\Auth.API\Auth.API.csproj", "{DDF567E2-2533-475F-B76F-0244024C83D7}"
EndProject
Project("{FAE04EC0-301F-11D3-BF4B-00C04F79EFBC}") = "Auth.Application", "src\Services\AuthService\Auth.Application\Auth.Application.csproj", "{BD77B25E-B18C-48DD-9BF6-B64C48C2D14F}"
EndProject
Project("{FAE04EC0-301F-11D3-BF4B-00C04F79EFBC}") = "Auth.Domain", "src\Services\AuthService\Auth.Domain\Auth.Domain.csproj", "{FFB4AE67-61EE-4D63-AB8A-AB6E520A917B}"
EndProject
Project("{FAE04EC0-301F-11D3-BF4B-00C04F79EFBC}") = "Auth.Infrastructure", "src\Services\AuthService\Auth.Infrastructure\Auth.Infrastructure.csproj", "{B898BFEC-F37B-4D67-B41A-5A2E59DEF581}"
EndProject
Global
	GlobalSection(SolutionConfigurationPlatforms) = preSolution
		Debug|Any CPU = Debug|Any CPU
		Debug|x64 = Debug|x64
		Debug|x86 = Debug|x86
		Release|Any CPU = Release|Any CPU
		Release|x64 = Release|x64
		Release|x86 = Release|x86
	EndGlobalSection
	GlobalSection(ProjectConfigurationPlatforms) = postSolution
		{815A8AE4-2ADD-4EC0-A1E6-5154DE50F366}.Debug|Any CPU.ActiveCfg = Debug|Any CPU
		{815A8AE4-2ADD-4EC0-A1E6-5154DE50F366}.Debug|Any CPU.Build.0 = Debug|Any CPU
		{815A8AE4-2ADD-4EC0-A1E6-5154DE50F366}.Debug|x64.ActiveCfg = Debug|Any CPU
		{815A8AE4-2ADD-4EC0-A1E6-5154DE50F366}.Debug|x64.Build.0 = Debug|Any CPU
		{815A8AE4-2ADD-4EC0-A1E6-5154DE50F366}.Debug|x86.ActiveCfg = Debug|Any CPU
		{815A8AE4-2ADD-4EC0-A1E6-5154DE50F366}.Debug|x86.Build.0 = Debug|Any CPU
		{815A8AE4-2ADD-4EC0-A1E6-5154DE50F366}.Release|Any CPU.ActiveCfg = Release|Any CPU
		{815A8AE4-2ADD-4EC0-A1E6-5154DE50F366}.Release|Any CPU.Build.0 = Release|Any CPU
		{815A8AE4-2ADD-4EC0-A1E6-5154DE50F366}.Release|x64.ActiveCfg = Release|Any CPU
		{815A8AE4-2ADD-4EC0-A1E6-5154DE50F366}.Release|x64.Build.0 = Release|Any CPU
		{815A8AE4-2ADD-4EC0-A1E6-5154DE50F366}.Release|x86.ActiveCfg = Release|Any CPU
		{815A8AE4-2ADD-4EC0-A1E6-5154DE50F366}.Release|x86.Build.0 = Release|Any CPU
		{DDF567E2-2533-475F-B76F-0244024C83D7}.Debug|Any CPU.ActiveCfg = Debug|Any CPU
		{DDF567E2-2533-475F-B76F-0244024C83D7}.Debug|Any CPU.Build.0 = Debug|Any CPU
		{DDF567E2-2533-475F-B76F-0244024C83D7}.Debug|x64.ActiveCfg = Debug|Any CPU
		{DDF567E2-2533-475F-B76F-0244024C83D7}.Debug|x64.Build.0 = Debug|Any CPU
		{DDF567E2-2533-475F-B76F-0244024C83D7}.Debug|x86.ActiveCfg = Debug|Any CPU
		{DDF567E2-2533-475F-B76F-0244024C83D7}.Debug|x86.Build.0 = Debug|Any CPU
		{DDF567E2-2533-475F-B76F-0244024C83D7}.Release|Any CPU.ActiveCfg = Release|Any CPU
		{DDF567E2-2533-475F-B76F-0244024C83D7}.Release|Any CPU.Build.0 = Release|Any CPU
		{DDF567E2-2533-475F-B76F-0244024C83D7}.Release|x64.ActiveCfg = Release|Any CPU
		{DDF567E2-2533-475F-B76F-0244024C83D7}.Release|x64.Build.0 = Release|Any CPU
		{DDF567E2-2533-475F-B76F-0244024C83D7}.Release|x86.ActiveCfg = Release|Any CPU
		{DDF567E2-2533-475F-B76F-0244024C83D7}.Release|x86.Build.0 = Release|Any CPU
		{BD77B25E-B18C-48DD-9BF6-B64C48C2D14F}.Debug|Any CPU.ActiveCfg = Debug|Any CPU
		{BD77B25E-B18C-48DD-9BF6-B64C48C2D14F}.Debug|Any CPU.Build.0 = Debug|Any CPU
		{BD77B25E-B18C-48DD-9BF6-B64C48C2D14F}.Debug|x64.ActiveCfg = Debug|Any CPU
		{BD77B25E-B18C-48DD-9BF6-B64C48C2D14F}.Debug|x64.Build.0 = Debug|Any CPU
		{BD77B25E-B18C-48DD-9BF6-B64C48C2D14F}.Debug|x86.ActiveCfg = Debug|Any CPU
		{BD77B25E-B18C-48DD-9BF6-B64C48C2D14F}.Debug|x86.Build.0 = Debug|Any CPU
		{BD77B25E-B18C-48DD-9BF6-B64C48C2D14F}.Release|Any CPU.ActiveCfg = Release|Any CPU
		{BD77B25E-B18C-48DD-9BF6-B64C48C2D14F}.Release|Any CPU.Build.0 = Release|Any CPU
		{BD77B25E-B18C-48DD-9BF6-B64C48C2D14F}.Release|x64.ActiveCfg = Release|Any CPU
		{BD77B25E-B18C-48DD-9BF6-B64C48C2D14F}.Release|x64.Build.0 = Release|Any CPU
		{BD77B25E-B18C-48DD-9BF6-B64C48C2D14F}.Release|x86.ActiveCfg = Release|Any CPU
		{BD77B25E-B18C-48DD-9BF6-B64C48C2D14F}.Release|x86.Build.0 = Release|Any CPU
		{FFB4AE67-61EE-4D63-AB8A-AB6E520A917B}.Debug|Any CPU.ActiveCfg = Debug|Any CPU
		{FFB4AE67-61EE-4D63-AB8A-AB6E520A917B}.Debug|Any CPU.Build.0 = Debug|Any CPU
		{FFB4AE67-61EE-4D63-AB8A-AB6E520A917B}.Debug|x64.ActiveCfg = Debug|Any CPU
		{FFB4AE67-61EE-4D63-AB8A-AB6E520A917B}.Debug|x64.Build.0 = Debug|Any CPU
		{FFB4AE67-61EE-4D63-AB8A-AB6E520A917B}.Debug|x86.ActiveCfg = Debug|Any CPU
		{FFB4AE67-61EE-4D63-AB8A-AB6E520A917B}.Debug|x86.Build.0 = Debug|Any CPU
		{FFB4AE67-61EE-4D63-AB8A-AB6E520A917B}.Release|Any CPU.ActiveCfg = Release|Any CPU
		{FFB4AE67-61EE-4D63-AB8A-AB6E520A917B}.Release|Any CPU.Build.0 = Release|Any CPU
		{FFB4AE67-61EE-4D63-AB8A-AB6E520A917B}.Release|x64.ActiveCfg = Release|Any CPU
		{FFB4AE67-61EE-4D63-AB8A-AB6E520A917B}.Release|x64.Build.0 = Release|Any CPU
		{FFB4AE67-61EE-4D63-AB8A-AB6E520A917B}.Release|x86.ActiveCfg = Release|Any CPU
		{FFB4AE67-61EE-4D63-AB8A-AB6E520A917B}.Release|x86.Build.0 = Release|Any CPU
		{B898BFEC-F37B-4D67-B41A-5A2E59DEF581}.Debug|Any CPU.ActiveCfg = Debug|Any CPU
		{B898BFEC-F37B-4D67-B41A-5A2E59DEF581}.Debug|Any CPU.Build.0 = Debug|Any CPU
		{B898BFEC-F37B-4D67-B41A-5A2E59DEF581}.Debug|x64.ActiveCfg = Debug|Any CPU
		{B898BFEC-F37B-4D67-B41A-5A2E59DEF581}.Debug|x64.Build.0 = Debug|Any CPU
		{B898BFEC-F37B-4D67-B41A-5A2E59DEF581}.Debug|x86.ActiveCfg = Debug|Any CPU
		{B898BFEC-F37B-4D67-B41A-5A2E59DEF581}.Debug|x86.Build.0 = Debug|Any CPU
		{B898BFEC-F37B-4D67-B41A-5A2E59DEF581}.Release|Any CPU.ActiveCfg = Release|Any CPU
		{B898BFEC-F37B-4D67-B41A-5A2E59DEF581}.Release|Any CPU.Build.0 = Release|Any CPU
		{B898BFEC-F37B-4D67-B41A-5A2E59DEF581}.Release|x64.ActiveCfg = Release|Any CPU
		{B898BFEC-F37B-4D67-B41A-5A2E59DEF581}.Release|x64.Build.0 = Release|Any CPU
		{B898BFEC-F37B-4D67-B41A-5A2E59DEF581}.Release|x86.ActiveCfg = Release|Any CPU
		{B898BFEC-F37B-4D67-B41A-5A2E59DEF581}.Release|x86.Build.0 = Release|Any CPU
	EndGlobalSection
	GlobalSection(SolutionProperties) = preSolution
		HideSolutionNode = FALSE
	EndGlobalSection
	GlobalSection(NestedProjects) = preSolution
		{90298CBA-BD6F-3A0A-69D5-97CAD7B05E7E} = {827E0CD3-B72D-47B6-A68D-7590B98EB39B}
		{815A8AE4-2ADD-4EC0-A1E6-5154DE50F366} = {90298CBA-BD6F-3A0A-69D5-97CAD7B05E7E}
		{984BB9B3-3FA3-BE33-9484-CAC21695A33C} = {827E0CD3-B72D-47B6-A68D-7590B98EB39B}
		{B0ED8887-1092-5A1A-EC04-2B6B0F6E9C33} = {984BB9B3-3FA3-BE33-9484-CAC21695A33C}
		{DDF567E2-2533-475F-B76F-0244024C83D7} = {B0ED8887-1092-5A1A-EC04-2B6B0F6E9C33}
		{BD77B25E-B18C-48DD-9BF6-B64C48C2D14F} = {B0ED8887-1092-5A1A-EC04-2B6B0F6E9C33}
		{FFB4AE67-61EE-4D63-AB8A-AB6E520A917B} = {B0ED8887-1092-5A1A-EC04-2B6B0F6E9C33}
		{B898BFEC-F37B-4D67-B41A-5A2E59DEF581} = {B0ED8887-1092-5A1A-EC04-2B6B0F6E9C33}
	EndGlobalSection
EndGlobal
